
Microsoft Visual Studio Solution File, Format Version 12.00
# Visual Studio Version 16
VisualStudioVersion = 16.0.34114.132
MinimumVisualStudioVersion = 10.0.40219.1
Project("{FAE04EC0-301F-11D3-BF4B-00C04F79EFBC}") = "Tarea2AlessandroFavareto", "Tarea2AlessandroFavareto\Tarea2AlessandroFavareto.csproj", "{39FCE3B9-AC46-4C6B-AEBD-B1BADC2898F9}"
EndProject
Global
	GlobalSection(SolutionConfigurationPlatforms) = preSolution
		Debug|Any CPU = Debug|Any CPU
		Release|Any CPU = Release|Any CPU
	EndGlobalSection
	GlobalSection(ProjectConfigurationPlatforms) = postSolution
		{39FCE3B9-AC46-4C6B-AEBD-B1BADC2898F9}.Debug|Any CPU.ActiveCfg = Debug|Any CPU
		{39FCE3B9-AC46-4C6B-AEBD-B1BADC2898F9}.Debug|Any CPU.Build.0 = Debug|Any CPU
		{39FCE3B9-AC46-4C6B-AEBD-B1BADC2898F9}.Release|Any CPU.ActiveCfg = Release|Any CPU
		{39FCE3B9-AC46-4C6B-AEBD-B1BADC2898F9}.Release|Any CPU.Build.0 = Release|Any CPU
	EndGlobalSection
	GlobalSection(SolutionProperties) = preSolution
		HideSolutionNode = FALSE
	EndGlobalSection
	GlobalSection(ExtensibilityGlobals) = postSolution
		SolutionGuid = {34E7563C-03C8-4A96-B605-8F2A13A4FC5A}
	EndGlobalSection
EndGlobal
